{
  "name": "css-observe",
  "version": "0.0.2",
  "lockfileVersion": 1,
  "requires": true,
  "dependencies": {
    "@webcomponents/webcomponentsjs": {
      "version": "2.1.3",
      "resolved": "https://registry.npmjs.org/@webcomponents/webcomponentsjs/-/webcomponentsjs-2.1.3.tgz",
      "integrity": "sha512-0UHJNY88lR3pnEYtBVT7F8cuuxOiITQGWJa0LxoELqkBSB7IabzJFOj5K99PajD3CGAsWpjB0CAeijfe376Y1w==",
      "dev": true
    },
    "jiife": {
      "version": "0.0.5",
      "resolved": "https://registry.npmjs.org/jiife/-/jiife-0.0.5.tgz",
      "integrity": "sha512-jB5YpCJAuxH5xRKgqZL2XzadA6w/iOHGCOQt0w9YfYHGDMilMS9DcBqyYe7Wr/0NLiIWR8RsLwIdLDu/TodKOg==",
      "dev": true
    },
    "xtal-latx": {
      "version": "0.0.24",
      "resolved": "https://registry.npmjs.org/xtal-latx/-/xtal-latx-0.0.24.tgz",
      "integrity": "sha512-OeBxtfe7kZg9A2WnAdr139AdJqM+S/CgGvXD3FtozPxJFiDZXYe27gLCznzk/TXcTAMTjUlbzBWTeFKMups3Zw=="
    }
  }
}
